Microsoft Visual Studio Solution File, Format Version 11.00
# Visual Studio 2008

Project("{184C43D2-06F5-31A3-408E-D33E40A6EABF}") = "zipper2", "Assembly-CSharp.csproj", "{CC79EC3F-979C-96F9-60F1-CFF9457B8D48}"
EndProject
Global
	GlobalSection(SolutionConfigurationPlatforms) = preSolution
		Debug|Any CPU = Debug|Any CPU
		Release|Any CPU = Release|Any CPU
	EndGlobalSection
	GlobalSection(ProjectConfigurationPlatforms) = postSolution
		{CC79EC3F-979C-96F9-60F1-CFF9457B8D48}.Debug|Any CPU.ActiveCfg = Debug|Any CPU
		{CC79EC3F-979C-96F9-60F1-CFF9457B8D48}.Debug|Any CPU.Build.0 = Debug|Any CPU
		{CC79EC3F-979C-96F9-60F1-CFF9457B8D48}.Release|Any CPU.ActiveCfg = Release|Any CPU
		{CC79EC3F-979C-96F9-60F1-CFF9457B8D48}.Release|Any CPU.Build.0 = Release|Any CPU
	EndGlobalSection
	GlobalSection(SolutionProperties) = preSolution
		HideSolutionNode = FALSE
	EndGlobalSection
	GlobalSection(MonoDevelopProperties) = preSolution
		StartupItem = Assembly-CSharp.csproj
	EndGlobalSection
EndGlobal
