Microsoft Visual Studio Solution File, Format Version 11.00
# Visual Studio 2008

Project("{3298B476-10E1-2FD4-075E-AFF9D08F57BF}") = "zipper", "Assembly-CSharp-firstpass.csproj", "{9FF99CC2-EABC-462D-C4C1-E021D76072B2}"
EndProject
Project("{3298B476-10E1-2FD4-075E-AFF9D08F57BF}") = "zipper", "Assembly-CSharp.csproj", "{17E38300-EEE9-DE90-A323-51F6D95CAAFE}"
EndProject
Global
	GlobalSection(SolutionConfigurationPlatforms) = preSolution
		Debug|Any CPU = Debug|Any CPU
		Release|Any CPU = Release|Any CPU
	EndGlobalSection
	GlobalSection(ProjectConfigurationPlatforms) = postSolution
		{9FF99CC2-EABC-462D-C4C1-E021D76072B2}.Debug|Any CPU.ActiveCfg = Debug|Any CPU
		{9FF99CC2-EABC-462D-C4C1-E021D76072B2}.Debug|Any CPU.Build.0 = Debug|Any CPU
		{9FF99CC2-EABC-462D-C4C1-E021D76072B2}.Release|Any CPU.ActiveCfg = Release|Any CPU
		{9FF99CC2-EABC-462D-C4C1-E021D76072B2}.Release|Any CPU.Build.0 = Release|Any CPU
		{17E38300-EEE9-DE90-A323-51F6D95CAAFE}.Debug|Any CPU.ActiveCfg = Debug|Any CPU
		{17E38300-EEE9-DE90-A323-51F6D95CAAFE}.Debug|Any CPU.Build.0 = Debug|Any CPU
		{17E38300-EEE9-DE90-A323-51F6D95CAAFE}.Release|Any CPU.ActiveCfg = Release|Any CPU
		{17E38300-EEE9-DE90-A323-51F6D95CAAFE}.Release|Any CPU.Build.0 = Release|Any CPU
	EndGlobalSection
	GlobalSection(SolutionProperties) = preSolution
		HideSolutionNode = FALSE
	EndGlobalSection
	GlobalSection(MonoDevelopProperties) = preSolution
		StartupItem = Assembly-CSharp.csproj
	EndGlobalSection
EndGlobal
